
Microsoft Visual Studio Solution File, Format Version 12.00
# Visual Studio 15
VisualStudioVersion = 15.0.27428.2037
MinimumVisualStudioVersion = 10.0.40219.1
Project("{FAE04EC0-301F-11D3-BF4B-00C04F79EFBC}") = "ComputerUsage", "ComputerUsage\ComputerUsage.csproj", "{A31A7AD6-AF9B-4A31-BE94-84036813DD8F}"
EndProject
Global
	GlobalSection(SolutionConfigurationPlatforms) = preSolution
		Debug|x64 = Debug|x64
		Release|x64 = Release|x64
	EndGlobalSection
	GlobalSection(ProjectConfigurationPlatforms) = postSolution
		{A31A7AD6-AF9B-4A31-BE94-84036813DD8F}.Debug|x64.ActiveCfg = Debug|x64
		{A31A7AD6-AF9B-4A31-BE94-84036813DD8F}.Debug|x64.Build.0 = Debug|x64
		{A31A7AD6-AF9B-4A31-BE94-84036813DD8F}.Release|x64.ActiveCfg = Release|x64
		{A31A7AD6-AF9B-4A31-BE94-84036813DD8F}.Release|x64.Build.0 = Release|x64
	EndGlobalSection
	GlobalSection(SolutionProperties) = preSolution
		HideSolutionNode = FALSE
	EndGlobalSection
	GlobalSection(ExtensibilityGlobals) = postSolution
		SolutionGuid = {E4AC6338-2D54-43AB-9A7A-CE1A4F10F057}
	EndGlobalSection
EndGlobal
